
Microsoft Visual Studio Solution File, Format Version 12.00
# Visual Studio Version 17
VisualStudioVersion = 17.6.33723.286
MinimumVisualStudioVersion = 10.0.40219.1
Project("{8BC9CEB8-8B4A-11D0-8D11-00A0C91BC942}") = "CourceWork", "CourceWork\CourceWork\CourceWork.vcxproj", "{9BDB9BED-650D-4446-B523-89252F6CA107}"
EndProject
Project("{8BC9CEB8-8B4A-11D0-8D11-00A0C91BC942}") = "CourceWork2", "CourceWork\CourceWork2\CourceWork2.vcxproj", "{3060815A-33C5-4C60-9D5B-83A03519C3CF}"
EndProject
Project("{2150E333-8FDC-42A3-9474-1A3956D46DE8}") = "CourceWork", "CourceWork", "{A498F4CC-999E-460E-841B-BB80E4FB2D4B}"
EndProject
Project("{8BC9CEB8-8B4A-11D0-8D11-00A0C91BC942}") = "CourceWork2_2.0", "CourceWork\CourceWork2_2.0\CourceWork2_2.0.vcxproj", "{C0E33433-ACAD-4F39-B532-7021263CEB92}"
EndProject
Project("{2150E333-8FDC-42A3-9474-1A3956D46DE8}") = "EasyTasks", "EasyTasks", "{CA82D79B-5023-497E-96AF-D1BFCF184B58}"
EndProject
Project("{2150E333-8FDC-42A3-9474-1A3956D46DE8}") = "Hardtasks", "Hardtasks", "{ADEFAC91-AF18-4500-BEFE-87CEF4888592}"
EndProject
Project("{8BC9CEB8-8B4A-11D0-8D11-00A0C91BC942}") = "Easy tasks", "Easy tasks\Easy tasks.vcxproj", "{3F218E9A-C59C-4031-A2C2-73F01065FC5E}"
EndProject
Project("{8BC9CEB8-8B4A-11D0-8D11-00A0C91BC942}") = "CashDesks", "Hard tasks\CashDesks\CashDesks.vcxproj", "{212BAEE2-04B4-4FC7-AD2C-DED85D21B18D}"
EndProject
Project("{8BC9CEB8-8B4A-11D0-8D11-00A0C91BC942}") = "Enigma", "Hard tasks\Enigma\Enigma.vcxproj", "{513E8468-1337-488D-98A6-F4A5B9A7C149}"
EndProject
Project("{8BC9CEB8-8B4A-11D0-8D11-00A0C91BC942}") = "Enigma2", "Hard tasks\Enigma2\Enigma2.vcxproj", "{8FC6BA21-64EB-4B1A-910F-2A4D73ECD553}"
EndProject
Project("{8BC9CEB8-8B4A-11D0-8D11-00A0C91BC942}") = "FunSort", "Hard tasks\FunSort\FunSort.vcxproj", "{259EF83A-C7F8-4D20-8FD2-4970496F39A2}"
EndProject
Project("{8BC9CEB8-8B4A-11D0-8D11-00A0C91BC942}") = "Glass", "Hard tasks\Glass\Glass.vcxproj", "{8EE4CD98-F5A4-47F1-A640-FF8A6559EB8D}"
EndProject
Project("{8BC9CEB8-8B4A-11D0-8D11-00A0C91BC942}") = "integ", "Hard tasks\integ\integ.vcxproj", "{1ADC2E82-1FCA-41F1-8F59-57DD0A929522}"
EndProject
Project("{8BC9CEB8-8B4A-11D0-8D11-00A0C91BC942}") = "List", "Hard tasks\List\List.vcxproj", "{4ED5C71B-4E95-4D2B-B8B6-4CF052850A91}"
EndProject
Project("{8BC9CEB8-8B4A-11D0-8D11-00A0C91BC942}") = "ListRound", "Hard tasks\ListRound\ListRound.vcxproj", "{ABF08AE2-A689-449D-8321-188D59DDB9F1}"
EndProject
Project("{8BC9CEB8-8B4A-11D0-8D11-00A0C91BC942}") = "Maler", "Hard tasks\Maler\Maler.vcxproj", "{F692C0B9-DFA5-4B70-B6FD-E5CC71A67EF0}"
EndProject
Project("{8BC9CEB8-8B4A-11D0-8D11-00A0C91BC942}") = "MergeSort", "Hard tasks\MergeSort\MergeSort.vcxproj", "{B89A5213-30BE-45E3-90A9-E244F0CA6698}"
EndProject
Project("{8BC9CEB8-8B4A-11D0-8D11-00A0C91BC942}") = "MyPrintF", "Hard tasks\MyPrintF\MyPrintF.vcxproj", "{C72EEDC8-17C9-4F1A-9CF9-114723F5ECFC}"
EndProject
Project("{8BC9CEB8-8B4A-11D0-8D11-00A0C91BC942}") = "PhoneDirectory", "Hard tasks\PhoneDirectory\PhoneDirectory.vcxproj", "{7B9BA792-DA42-4943-87EC-F8B292484A25}"
EndProject
Project("{8BC9CEB8-8B4A-11D0-8D11-00A0C91BC942}") = "Session", "Hard tasks\Session\Session.vcxproj", "{EDBC1559-8FFA-4DA4-B58E-D8B21DB74BCD}"
EndProject
Project("{8BC9CEB8-8B4A-11D0-8D11-00A0C91BC942}") = "SmartPointer", "Hard tasks\SmartPointer\SmartPointer.vcxproj", "{3EAA086D-DA05-4328-8AA0-F1A33AD63F01}"
EndProject
Project("{8BC9CEB8-8B4A-11D0-8D11-00A0C91BC942}") = "Solver", "Hard tasks\Solver\Solver.vcxproj", "{8CE82B8E-804F-4F90-B8F5-46FE9478BBC6}"
EndProject
Project("{8BC9CEB8-8B4A-11D0-8D11-00A0C91BC942}") = "TEST", "Hard tasks\TEST\TEST.vcxproj", "{6F63158C-6DD4-4C19-9D0E-5F58AE3BC5D4}"
EndProject
Project("{8BC9CEB8-8B4A-11D0-8D11-00A0C91BC942}") = "Tir", "Hard tasks\Tir\Tir.vcxproj", "{CF48E9F0-5F01-448C-B74A-0704DE3F27DE}"
EndProject
Project("{8BC9CEB8-8B4A-11D0-8D11-00A0C91BC942}") = "TemlateClass", "Hard tasks\TemlateClass\TemlateClass.vcxproj", "{C8BF9BD3-F568-4AFC-AFD7-C72A8937F318}"
EndProject
Project("{8BC9CEB8-8B4A-11D0-8D11-00A0C91BC942}") = "Templates", "Hard tasks\Templates\Templates.vcxproj", "{5BA7F81D-9FC8-4FD9-BC48-1A07D8C62107}"
EndProject
Project("{8BC9CEB8-8B4A-11D0-8D11-00A0C91BC942}") = "Word", "Hard tasks\word\word.vcxproj", "{9E6CDEAB-F760-4FB6-AF97-11AD182420C8}"
EndProject
Project("{8BC9CEB8-8B4A-11D0-8D11-00A0C91BC942}") = "Calculater", "Hard tasks\Calculater\Calculater.vcxproj", "{926EC639-F45D-4AA9-81EC-2FE4933D3631}"
EndProject
Project("{8BC9CEB8-8B4A-11D0-8D11-00A0C91BC942}") = "ConString", "Hard tasks\ConString\ConString.vcxproj", "{0246A745-CB48-4ACD-AFC5-18E74E66C1BC}"
EndProject
Project("{8BC9CEB8-8B4A-11D0-8D11-00A0C91BC942}") = "Box", "Hard tasks\Box\Box.vcxproj", "{0890B932-75A8-4F98-BC9E-8E1610545558}"
EndProject
Project("{8BC9CEB8-8B4A-11D0-8D11-00A0C91BC942}") = "Set", "Hard tasks\Set\Set.vcxproj", "{3CD00FCF-3387-4617-92B9-E82126307675}"
EndProject
Project("{8BC9CEB8-8B4A-11D0-8D11-00A0C91BC942}") = "Hospital", "Hard tasks\Hospital\Hospital.vcxproj", "{A7997C66-E99F-4763-92DD-674B7C91418A}"
EndProject
Global
	GlobalSection(SolutionConfigurationPlatforms) = preSolution
		Debug|x64 = Debug|x64
		Debug|x86 = Debug|x86
		Release|x64 = Release|x64
		Release|x86 = Release|x86
	EndGlobalSection
	GlobalSection(ProjectConfigurationPlatforms) = postSolution
		{9BDB9BED-650D-4446-B523-89252F6CA107}.Debug|x64.ActiveCfg = Debug|x64
		{9BDB9BED-650D-4446-B523-89252F6CA107}.Debug|x64.Build.0 = Debug|x64
		{9BDB9BED-650D-4446-B523-89252F6CA107}.Debug|x86.ActiveCfg = Debug|Win32
		{9BDB9BED-650D-4446-B523-89252F6CA107}.Debug|x86.Build.0 = Debug|Win32
		{9BDB9BED-650D-4446-B523-89252F6CA107}.Release|x64.ActiveCfg = Release|x64
		{9BDB9BED-650D-4446-B523-89252F6CA107}.Release|x64.Build.0 = Release|x64
		{9BDB9BED-650D-4446-B523-89252F6CA107}.Release|x86.ActiveCfg = Release|Win32
		{9BDB9BED-650D-4446-B523-89252F6CA107}.Release|x86.Build.0 = Release|Win32
		{3060815A-33C5-4C60-9D5B-83A03519C3CF}.Debug|x64.ActiveCfg = Debug|x64
		{3060815A-33C5-4C60-9D5B-83A03519C3CF}.Debug|x64.Build.0 = Debug|x64
		{3060815A-33C5-4C60-9D5B-83A03519C3CF}.Debug|x86.ActiveCfg = Debug|Win32
		{3060815A-33C5-4C60-9D5B-83A03519C3CF}.Debug|x86.Build.0 = Debug|Win32
		{3060815A-33C5-4C60-9D5B-83A03519C3CF}.Release|x64.ActiveCfg = Release|x64
		{3060815A-33C5-4C60-9D5B-83A03519C3CF}.Release|x64.Build.0 = Release|x64
		{3060815A-33C5-4C60-9D5B-83A03519C3CF}.Release|x86.ActiveCfg = Release|Win32
		{3060815A-33C5-4C60-9D5B-83A03519C3CF}.Release|x86.Build.0 = Release|Win32
		{C0E33433-ACAD-4F39-B532-7021263CEB92}.Debug|x64.ActiveCfg = Debug|x64
		{C0E33433-ACAD-4F39-B532-7021263CEB92}.Debug|x64.Build.0 = Debug|x64
		{C0E33433-ACAD-4F39-B532-7021263CEB92}.Debug|x86.ActiveCfg = Debug|Win32
		{C0E33433-ACAD-4F39-B532-7021263CEB92}.Debug|x86.Build.0 = Debug|Win32
		{C0E33433-ACAD-4F39-B532-7021263CEB92}.Release|x64.ActiveCfg = Release|x64
		{C0E33433-ACAD-4F39-B532-7021263CEB92}.Release|x64.Build.0 = Release|x64
		{C0E33433-ACAD-4F39-B532-7021263CEB92}.Release|x86.ActiveCfg = Release|Win32
		{C0E33433-ACAD-4F39-B532-7021263CEB92}.Release|x86.Build.0 = Release|Win32
		{3F218E9A-C59C-4031-A2C2-73F01065FC5E}.Debug|x64.ActiveCfg = Debug|x64
		{3F218E9A-C59C-4031-A2C2-73F01065FC5E}.Debug|x64.Build.0 = Debug|x64
		{3F218E9A-C59C-4031-A2C2-73F01065FC5E}.Debug|x86.ActiveCfg = Debug|Win32
		{3F218E9A-C59C-4031-A2C2-73F01065FC5E}.Debug|x86.Build.0 = Debug|Win32
		{3F218E9A-C59C-4031-A2C2-73F01065FC5E}.Release|x64.ActiveCfg = Release|x64
		{3F218E9A-C59C-4031-A2C2-73F01065FC5E}.Release|x64.Build.0 = Release|x64
		{3F218E9A-C59C-4031-A2C2-73F01065FC5E}.Release|x86.ActiveCfg = Release|Win32
		{3F218E9A-C59C-4031-A2C2-73F01065FC5E}.Release|x86.Build.0 = Release|Win32
		{212BAEE2-04B4-4FC7-AD2C-DED85D21B18D}.Debug|x64.ActiveCfg = Debug|x64
		{212BAEE2-04B4-4FC7-AD2C-DED85D21B18D}.Debug|x64.Build.0 = Debug|x64
		{212BAEE2-04B4-4FC7-AD2C-DED85D21B18D}.Debug|x86.ActiveCfg = Debug|Win32
		{212BAEE2-04B4-4FC7-AD2C-DED85D21B18D}.Debug|x86.Build.0 = Debug|Win32
		{212BAEE2-04B4-4FC7-AD2C-DED85D21B18D}.Release|x64.ActiveCfg = Release|x64
		{212BAEE2-04B4-4FC7-AD2C-DED85D21B18D}.Release|x64.Build.0 = Release|x64
		{212BAEE2-04B4-4FC7-AD2C-DED85D21B18D}.Release|x86.ActiveCfg = Release|Win32
		{212BAEE2-04B4-4FC7-AD2C-DED85D21B18D}.Release|x86.Build.0 = Release|Win32
		{513E8468-1337-488D-98A6-F4A5B9A7C149}.Debug|x64.ActiveCfg = Debug|x64
		{513E8468-1337-488D-98A6-F4A5B9A7C149}.Debug|x64.Build.0 = Debug|x64
		{513E8468-1337-488D-98A6-F4A5B9A7C149}.Debug|x86.ActiveCfg = Debug|Win32
		{513E8468-1337-488D-98A6-F4A5B9A7C149}.Debug|x86.Build.0 = Debug|Win32
		{513E8468-1337-488D-98A6-F4A5B9A7C149}.Release|x64.ActiveCfg = Release|x64
		{513E8468-1337-488D-98A6-F4A5B9A7C149}.Release|x64.Build.0 = Release|x64
		{513E8468-1337-488D-98A6-F4A5B9A7C149}.Release|x86.ActiveCfg = Release|Win32
		{513E8468-1337-488D-98A6-F4A5B9A7C149}.Release|x86.Build.0 = Release|Win32
		{8FC6BA21-64EB-4B1A-910F-2A4D73ECD553}.Debug|x64.ActiveCfg = Debug|x64
		{8FC6BA21-64EB-4B1A-910F-2A4D73ECD553}.Debug|x64.Build.0 = Debug|x64
		{8FC6BA21-64EB-4B1A-910F-2A4D73ECD553}.Debug|x86.ActiveCfg = Debug|Win32
		{8FC6BA21-64EB-4B1A-910F-2A4D73ECD553}.Debug|x86.Build.0 = Debug|Win32
		{8FC6BA21-64EB-4B1A-910F-2A4D73ECD553}.Release|x64.ActiveCfg = Release|x64
		{8FC6BA21-64EB-4B1A-910F-2A4D73ECD553}.Release|x64.Build.0 = Release|x64
		{8FC6BA21-64EB-4B1A-910F-2A4D73ECD553}.Release|x86.ActiveCfg = Release|Win32
		{8FC6BA21-64EB-4B1A-910F-2A4D73ECD553}.Release|x86.Build.0 = Release|Win32
		{259EF83A-C7F8-4D20-8FD2-4970496F39A2}.Debug|x64.ActiveCfg = Debug|x64
		{259EF83A-C7F8-4D20-8FD2-4970496F39A2}.Debug|x64.Build.0 = Debug|x64
		{259EF83A-C7F8-4D20-8FD2-4970496F39A2}.Debug|x86.ActiveCfg = Debug|Win32
		{259EF83A-C7F8-4D20-8FD2-4970496F39A2}.Debug|x86.Build.0 = Debug|Win32
		{259EF83A-C7F8-4D20-8FD2-4970496F39A2}.Release|x64.ActiveCfg = Release|x64
		{259EF83A-C7F8-4D20-8FD2-4970496F39A2}.Release|x64.Build.0 = Release|x64
		{259EF83A-C7F8-4D20-8FD2-4970496F39A2}.Release|x86.ActiveCfg = Release|Win32
		{259EF83A-C7F8-4D20-8FD2-4970496F39A2}.Release|x86.Build.0 = Release|Win32
		{8EE4CD98-F5A4-47F1-A640-FF8A6559EB8D}.Debug|x64.ActiveCfg = Debug|x64
		{8EE4CD98-F5A4-47F1-A640-FF8A6559EB8D}.Debug|x64.Build.0 = Debug|x64
		{8EE4CD98-F5A4-47F1-A640-FF8A6559EB8D}.Debug|x86.ActiveCfg = Debug|Win32
		{8EE4CD98-F5A4-47F1-A640-FF8A6559EB8D}.Debug|x86.Build.0 = Debug|Win32
		{8EE4CD98-F5A4-47F1-A640-FF8A6559EB8D}.Release|x64.ActiveCfg = Release|x64
		{8EE4CD98-F5A4-47F1-A640-FF8A6559EB8D}.Release|x64.Build.0 = Release|x64
		{8EE4CD98-F5A4-47F1-A640-FF8A6559EB8D}.Release|x86.ActiveCfg = Release|Win32
		{8EE4CD98-F5A4-47F1-A640-FF8A6559EB8D}.Release|x86.Build.0 = Release|Win32
		{1ADC2E82-1FCA-41F1-8F59-57DD0A929522}.Debug|x64.ActiveCfg = Debug|x64
		{1ADC2E82-1FCA-41F1-8F59-57DD0A929522}.Debug|x64.Build.0 = Debug|x64
		{1ADC2E82-1FCA-41F1-8F59-57DD0A929522}.Debug|x86.ActiveCfg = Debug|Win32
		{1ADC2E82-1FCA-41F1-8F59-57DD0A929522}.Debug|x86.Build.0 = Debug|Win32
		{1ADC2E82-1FCA-41F1-8F59-57DD0A929522}.Release|x64.ActiveCfg = Release|x64
		{1ADC2E82-1FCA-41F1-8F59-57DD0A929522}.Release|x64.Build.0 = Release|x64
		{1ADC2E82-1FCA-41F1-8F59-57DD0A929522}.Release|x86.ActiveCfg = Release|Win32
		{1ADC2E82-1FCA-41F1-8F59-57DD0A929522}.Release|x86.Build.0 = Release|Win32
		{4ED5C71B-4E95-4D2B-B8B6-4CF052850A91}.Debug|x64.ActiveCfg = Debug|x64
		{4ED5C71B-4E95-4D2B-B8B6-4CF052850A91}.Debug|x64.Build.0 = Debug|x64
		{4ED5C71B-4E95-4D2B-B8B6-4CF052850A91}.Debug|x86.ActiveCfg = Debug|Win32
		{4ED5C71B-4E95-4D2B-B8B6-4CF052850A91}.Debug|x86.Build.0 = Debug|Win32
		{4ED5C71B-4E95-4D2B-B8B6-4CF052850A91}.Release|x64.ActiveCfg = Release|x64
		{4ED5C71B-4E95-4D2B-B8B6-4CF052850A91}.Release|x64.Build.0 = Release|x64
		{4ED5C71B-4E95-4D2B-B8B6-4CF052850A91}.Release|x86.ActiveCfg = Release|Win32
		{4ED5C71B-4E95-4D2B-B8B6-4CF052850A91}.Release|x86.Build.0 = Release|Win32
		{ABF08AE2-A689-449D-8321-188D59DDB9F1}.Debug|x64.ActiveCfg = Debug|x64
		{ABF08AE2-A689-449D-8321-188D59DDB9F1}.Debug|x64.Build.0 = Debug|x64
		{ABF08AE2-A689-449D-8321-188D59DDB9F1}.Debug|x86.ActiveCfg = Debug|Win32
		{ABF08AE2-A689-449D-8321-188D59DDB9F1}.Debug|x86.Build.0 = Debug|Win32
		{ABF08AE2-A689-449D-8321-188D59DDB9F1}.Release|x64.ActiveCfg = Release|x64
		{ABF08AE2-A689-449D-8321-188D59DDB9F1}.Release|x64.Build.0 = Release|x64
		{ABF08AE2-A689-449D-8321-188D59DDB9F1}.Release|x86.ActiveCfg = Release|Win32
		{ABF08AE2-A689-449D-8321-188D59DDB9F1}.Release|x86.Build.0 = Release|Win32
		{F692C0B9-DFA5-4B70-B6FD-E5CC71A67EF0}.Debug|x64.ActiveCfg = Debug|x64
		{F692C0B9-DFA5-4B70-B6FD-E5CC71A67EF0}.Debug|x64.Build.0 = Debug|x64
		{F692C0B9-DFA5-4B70-B6FD-E5CC71A67EF0}.Debug|x86.ActiveCfg = Debug|Win32
		{F692C0B9-DFA5-4B70-B6FD-E5CC71A67EF0}.Debug|x86.Build.0 = Debug|Win32
		{F692C0B9-DFA5-4B70-B6FD-E5CC71A67EF0}.Release|x64.ActiveCfg = Release|x64
		{F692C0B9-DFA5-4B70-B6FD-E5CC71A67EF0}.Release|x64.Build.0 = Release|x64
		{F692C0B9-DFA5-4B70-B6FD-E5CC71A67EF0}.Release|x86.ActiveCfg = Release|Win32
		{F692C0B9-DFA5-4B70-B6FD-E5CC71A67EF0}.Release|x86.Build.0 = Release|Win32
		{B89A5213-30BE-45E3-90A9-E244F0CA6698}.Debug|x64.ActiveCfg = Debug|x64
		{B89A5213-30BE-45E3-90A9-E244F0CA6698}.Debug|x64.Build.0 = Debug|x64
		{B89A5213-30BE-45E3-90A9-E244F0CA6698}.Debug|x86.ActiveCfg = Debug|Win32
		{B89A5213-30BE-45E3-90A9-E244F0CA6698}.Debug|x86.Build.0 = Debug|Win32
		{B89A5213-30BE-45E3-90A9-E244F0CA6698}.Release|x64.ActiveCfg = Release|x64
		{B89A5213-30BE-45E3-90A9-E244F0CA6698}.Release|x64.Build.0 = Release|x64
		{B89A5213-30BE-45E3-90A9-E244F0CA6698}.Release|x86.ActiveCfg = Release|Win32
		{B89A5213-30BE-45E3-90A9-E244F0CA6698}.Release|x86.Build.0 = Release|Win32
		{C72EEDC8-17C9-4F1A-9CF9-114723F5ECFC}.Debug|x64.ActiveCfg = Debug|x64
		{C72EEDC8-17C9-4F1A-9CF9-114723F5ECFC}.Debug|x64.Build.0 = Debug|x64
		{C72EEDC8-17C9-4F1A-9CF9-114723F5ECFC}.Debug|x86.ActiveCfg = Debug|Win32
		{C72EEDC8-17C9-4F1A-9CF9-114723F5ECFC}.Debug|x86.Build.0 = Debug|Win32
		{C72EEDC8-17C9-4F1A-9CF9-114723F5ECFC}.Release|x64.ActiveCfg = Release|x64
		{C72EEDC8-17C9-4F1A-9CF9-114723F5ECFC}.Release|x64.Build.0 = Release|x64
		{C72EEDC8-17C9-4F1A-9CF9-114723F5ECFC}.Release|x86.ActiveCfg = Release|Win32
		{C72EEDC8-17C9-4F1A-9CF9-114723F5ECFC}.Release|x86.Build.0 = Release|Win32
		{7B9BA792-DA42-4943-87EC-F8B292484A25}.Debug|x64.ActiveCfg = Debug|x64
		{7B9BA792-DA42-4943-87EC-F8B292484A25}.Debug|x64.Build.0 = Debug|x64
		{7B9BA792-DA42-4943-87EC-F8B292484A25}.Debug|x86.ActiveCfg = Debug|Win32
		{7B9BA792-DA42-4943-87EC-F8B292484A25}.Debug|x86.Build.0 = Debug|Win32
		{7B9BA792-DA42-4943-87EC-F8B292484A25}.Release|x64.ActiveCfg = Release|x64
		{7B9BA792-DA42-4943-87EC-F8B292484A25}.Release|x64.Build.0 = Release|x64
		{7B9BA792-DA42-4943-87EC-F8B292484A25}.Release|x86.ActiveCfg = Release|Win32
		{7B9BA792-DA42-4943-87EC-F8B292484A25}.Release|x86.Build.0 = Release|Win32
		{EDBC1559-8FFA-4DA4-B58E-D8B21DB74BCD}.Debug|x64.ActiveCfg = Debug|x64
		{EDBC1559-8FFA-4DA4-B58E-D8B21DB74BCD}.Debug|x64.Build.0 = Debug|x64
		{EDBC1559-8FFA-4DA4-B58E-D8B21DB74BCD}.Debug|x86.ActiveCfg = Debug|Win32
		{EDBC1559-8FFA-4DA4-B58E-D8B21DB74BCD}.Debug|x86.Build.0 = Debug|Win32
		{EDBC1559-8FFA-4DA4-B58E-D8B21DB74BCD}.Release|x64.ActiveCfg = Release|x64
		{EDBC1559-8FFA-4DA4-B58E-D8B21DB74BCD}.Release|x64.Build.0 = Release|x64
		{EDBC1559-8FFA-4DA4-B58E-D8B21DB74BCD}.Release|x86.ActiveCfg = Release|Win32
		{EDBC1559-8FFA-4DA4-B58E-D8B21DB74BCD}.Release|x86.Build.0 = Release|Win32
		{3EAA086D-DA05-4328-8AA0-F1A33AD63F01}.Debug|x64.ActiveCfg = Debug|x64
		{3EAA086D-DA05-4328-8AA0-F1A33AD63F01}.Debug|x64.Build.0 = Debug|x64
		{3EAA086D-DA05-4328-8AA0-F1A33AD63F01}.Debug|x86.ActiveCfg = Debug|Win32
		{3EAA086D-DA05-4328-8AA0-F1A33AD63F01}.Debug|x86.Build.0 = Debug|Win32
		{3EAA086D-DA05-4328-8AA0-F1A33AD63F01}.Release|x64.ActiveCfg = Release|x64
		{3EAA086D-DA05-4328-8AA0-F1A33AD63F01}.Release|x64.Build.0 = Release|x64
		{3EAA086D-DA05-4328-8AA0-F1A33AD63F01}.Release|x86.ActiveCfg = Release|Win32
		{3EAA086D-DA05-4328-8AA0-F1A33AD63F01}.Release|x86.Build.0 = Release|Win32
		{8CE82B8E-804F-4F90-B8F5-46FE9478BBC6}.Debug|x64.ActiveCfg = Debug|x64
		{8CE82B8E-804F-4F90-B8F5-46FE9478BBC6}.Debug|x64.Build.0 = Debug|x64
		{8CE82B8E-804F-4F90-B8F5-46FE9478BBC6}.Debug|x86.ActiveCfg = Debug|Win32
		{8CE82B8E-804F-4F90-B8F5-46FE9478BBC6}.Debug|x86.Build.0 = Debug|Win32
		{8CE82B8E-804F-4F90-B8F5-46FE9478BBC6}.Release|x64.ActiveCfg = Release|x64
		{8CE82B8E-804F-4F90-B8F5-46FE9478BBC6}.Release|x64.Build.0 = Release|x64
		{8CE82B8E-804F-4F90-B8F5-46FE9478BBC6}.Release|x86.ActiveCfg = Release|Win32
		{8CE82B8E-804F-4F90-B8F5-46FE9478BBC6}.Release|x86.Build.0 = Release|Win32
		{6F63158C-6DD4-4C19-9D0E-5F58AE3BC5D4}.Debug|x64.ActiveCfg = Debug|x64
		{6F63158C-6DD4-4C19-9D0E-5F58AE3BC5D4}.Debug|x64.Build.0 = Debug|x64
		{6F63158C-6DD4-4C19-9D0E-5F58AE3BC5D4}.Debug|x86.ActiveCfg = Debug|Win32
		{6F63158C-6DD4-4C19-9D0E-5F58AE3BC5D4}.Debug|x86.Build.0 = Debug|Win32
		{6F63158C-6DD4-4C19-9D0E-5F58AE3BC5D4}.Release|x64.ActiveCfg = Release|x64
		{6F63158C-6DD4-4C19-9D0E-5F58AE3BC5D4}.Release|x64.Build.0 = Release|x64
		{6F63158C-6DD4-4C19-9D0E-5F58AE3BC5D4}.Release|x86.ActiveCfg = Release|Win32
		{6F63158C-6DD4-4C19-9D0E-5F58AE3BC5D4}.Release|x86.Build.0 = Release|Win32
		{CF48E9F0-5F01-448C-B74A-0704DE3F27DE}.Debug|x64.ActiveCfg = Debug|x64
		{CF48E9F0-5F01-448C-B74A-0704DE3F27DE}.Debug|x64.Build.0 = Debug|x64
		{CF48E9F0-5F01-448C-B74A-0704DE3F27DE}.Debug|x86.ActiveCfg = Debug|Win32
		{CF48E9F0-5F01-448C-B74A-0704DE3F27DE}.Debug|x86.Build.0 = Debug|Win32
		{CF48E9F0-5F01-448C-B74A-0704DE3F27DE}.Release|x64.ActiveCfg = Release|x64
		{CF48E9F0-5F01-448C-B74A-0704DE3F27DE}.Release|x64.Build.0 = Release|x64
		{CF48E9F0-5F01-448C-B74A-0704DE3F27DE}.Release|x86.ActiveCfg = Release|Win32
		{CF48E9F0-5F01-448C-B74A-0704DE3F27DE}.Release|x86.Build.0 = Release|Win32
		{C8BF9BD3-F568-4AFC-AFD7-C72A8937F318}.Debug|x64.ActiveCfg = Debug|x64
		{C8BF9BD3-F568-4AFC-AFD7-C72A8937F318}.Debug|x64.Build.0 = Debug|x64
		{C8BF9BD3-F568-4AFC-AFD7-C72A8937F318}.Debug|x86.ActiveCfg = Debug|Win32
		{C8BF9BD3-F568-4AFC-AFD7-C72A8937F318}.Debug|x86.Build.0 = Debug|Win32
		{C8BF9BD3-F568-4AFC-AFD7-C72A8937F318}.Release|x64.ActiveCfg = Release|x64
		{C8BF9BD3-F568-4AFC-AFD7-C72A8937F318}.Release|x64.Build.0 = Release|x64
		{C8BF9BD3-F568-4AFC-AFD7-C72A8937F318}.Release|x86.ActiveCfg = Release|Win32
		{C8BF9BD3-F568-4AFC-AFD7-C72A8937F318}.Release|x86.Build.0 = Release|Win32
		{5BA7F81D-9FC8-4FD9-BC48-1A07D8C62107}.Debug|x64.ActiveCfg = Debug|x64
		{5BA7F81D-9FC8-4FD9-BC48-1A07D8C62107}.Debug|x64.Build.0 = Debug|x64
		{5BA7F81D-9FC8-4FD9-BC48-1A07D8C62107}.Debug|x86.ActiveCfg = Debug|Win32
		{5BA7F81D-9FC8-4FD9-BC48-1A07D8C62107}.Debug|x86.Build.0 = Debug|Win32
		{5BA7F81D-9FC8-4FD9-BC48-1A07D8C62107}.Release|x64.ActiveCfg = Release|x64
		{5BA7F81D-9FC8-4FD9-BC48-1A07D8C62107}.Release|x64.Build.0 = Release|x64
		{5BA7F81D-9FC8-4FD9-BC48-1A07D8C62107}.Release|x86.ActiveCfg = Release|Win32
		{5BA7F81D-9FC8-4FD9-BC48-1A07D8C62107}.Release|x86.Build.0 = Release|Win32
		{9E6CDEAB-F760-4FB6-AF97-11AD182420C8}.Debug|x64.ActiveCfg = Debug|x64
		{9E6CDEAB-F760-4FB6-AF97-11AD182420C8}.Debug|x64.Build.0 = Debug|x64
		{9E6CDEAB-F760-4FB6-AF97-11AD182420C8}.Debug|x86.ActiveCfg = Debug|Win32
		{9E6CDEAB-F760-4FB6-AF97-11AD182420C8}.Debug|x86.Build.0 = Debug|Win32
		{9E6CDEAB-F760-4FB6-AF97-11AD182420C8}.Release|x64.ActiveCfg = Release|x64
		{9E6CDEAB-F760-4FB6-AF97-11AD182420C8}.Release|x64.Build.0 = Release|x64
		{9E6CDEAB-F760-4FB6-AF97-11AD182420C8}.Release|x86.ActiveCfg = Release|Win32
		{9E6CDEAB-F760-4FB6-AF97-11AD182420C8}.Release|x86.Build.0 = Release|Win32
		{926EC639-F45D-4AA9-81EC-2FE4933D3631}.Debug|x64.ActiveCfg = Debug|x64
		{926EC639-F45D-4AA9-81EC-2FE4933D3631}.Debug|x64.Build.0 = Debug|x64
		{926EC639-F45D-4AA9-81EC-2FE4933D3631}.Debug|x86.ActiveCfg = Debug|Win32
		{926EC639-F45D-4AA9-81EC-2FE4933D3631}.Debug|x86.Build.0 = Debug|Win32
		{926EC639-F45D-4AA9-81EC-2FE4933D3631}.Release|x64.ActiveCfg = Release|x64
		{926EC639-F45D-4AA9-81EC-2FE4933D3631}.Release|x64.Build.0 = Release|x64
		{926EC639-F45D-4AA9-81EC-2FE4933D3631}.Release|x86.ActiveCfg = Release|Win32
		{926EC639-F45D-4AA9-81EC-2FE4933D3631}.Release|x86.Build.0 = Release|Win32
		{0246A745-CB48-4ACD-AFC5-18E74E66C1BC}.Debug|x64.ActiveCfg = Debug|x64
		{0246A745-CB48-4ACD-AFC5-18E74E66C1BC}.Debug|x64.Build.0 = Debug|x64
		{0246A745-CB48-4ACD-AFC5-18E74E66C1BC}.Debug|x86.ActiveCfg = Debug|Win32
		{0246A745-CB48-4ACD-AFC5-18E74E66C1BC}.Debug|x86.Build.0 = Debug|Win32
		{0246A745-CB48-4ACD-AFC5-18E74E66C1BC}.Release|x64.ActiveCfg = Release|x64
		{0246A745-CB48-4ACD-AFC5-18E74E66C1BC}.Release|x64.Build.0 = Release|x64
		{0246A745-CB48-4ACD-AFC5-18E74E66C1BC}.Release|x86.ActiveCfg = Release|Win32
		{0246A745-CB48-4ACD-AFC5-18E74E66C1BC}.Release|x86.Build.0 = Release|Win32
		{0890B932-75A8-4F98-BC9E-8E1610545558}.Debug|x64.ActiveCfg = Debug|x64
		{0890B932-75A8-4F98-BC9E-8E1610545558}.Debug|x64.Build.0 = Debug|x64
		{0890B932-75A8-4F98-BC9E-8E1610545558}.Debug|x86.ActiveCfg = Debug|Win32
		{0890B932-75A8-4F98-BC9E-8E1610545558}.Debug|x86.Build.0 = Debug|Win32
		{0890B932-75A8-4F98-BC9E-8E1610545558}.Release|x64.ActiveCfg = Release|x64
		{0890B932-75A8-4F98-BC9E-8E1610545558}.Release|x64.Build.0 = Release|x64
		{0890B932-75A8-4F98-BC9E-8E1610545558}.Release|x86.ActiveCfg = Release|Win32
		{0890B932-75A8-4F98-BC9E-8E1610545558}.Release|x86.Build.0 = Release|Win32
		{3CD00FCF-3387-4617-92B9-E82126307675}.Debug|x64.ActiveCfg = Debug|x64
		{3CD00FCF-3387-4617-92B9-E82126307675}.Debug|x64.Build.0 = Debug|x64
		{3CD00FCF-3387-4617-92B9-E82126307675}.Debug|x86.ActiveCfg = Debug|Win32
		{3CD00FCF-3387-4617-92B9-E82126307675}.Debug|x86.Build.0 = Debug|Win32
		{3CD00FCF-3387-4617-92B9-E82126307675}.Release|x64.ActiveCfg = Release|x64
		{3CD00FCF-3387-4617-92B9-E82126307675}.Release|x64.Build.0 = Release|x64
		{3CD00FCF-3387-4617-92B9-E82126307675}.Release|x86.ActiveCfg = Release|Win32
		{3CD00FCF-3387-4617-92B9-E82126307675}.Release|x86.Build.0 = Release|Win32
		{A7997C66-E99F-4763-92DD-674B7C91418A}.Debug|x64.ActiveCfg = Debug|x64
		{A7997C66-E99F-4763-92DD-674B7C91418A}.Debug|x64.Build.0 = Debug|x64
		{A7997C66-E99F-4763-92DD-674B7C91418A}.Debug|x86.ActiveCfg = Debug|Win32
		{A7997C66-E99F-4763-92DD-674B7C91418A}.Debug|x86.Build.0 = Debug|Win32
		{A7997C66-E99F-4763-92DD-674B7C91418A}.Release|x64.ActiveCfg = Release|x64
		{A7997C66-E99F-4763-92DD-674B7C91418A}.Release|x64.Build.0 = Release|x64
		{A7997C66-E99F-4763-92DD-674B7C91418A}.Release|x86.ActiveCfg = Release|Win32
		{A7997C66-E99F-4763-92DD-674B7C91418A}.Release|x86.Build.0 = Release|Win32
	EndGlobalSection
	GlobalSection(SolutionProperties) = preSolution
		HideSolutionNode = FALSE
	EndGlobalSection
	GlobalSection(NestedProjects) = preSolution
		{9BDB9BED-650D-4446-B523-89252F6CA107} = {A498F4CC-999E-460E-841B-BB80E4FB2D4B}
		{3060815A-33C5-4C60-9D5B-83A03519C3CF} = {A498F4CC-999E-460E-841B-BB80E4FB2D4B}
		{C0E33433-ACAD-4F39-B532-7021263CEB92} = {A498F4CC-999E-460E-841B-BB80E4FB2D4B}
		{3F218E9A-C59C-4031-A2C2-73F01065FC5E} = {CA82D79B-5023-497E-96AF-D1BFCF184B58}
		{212BAEE2-04B4-4FC7-AD2C-DED85D21B18D} = {ADEFAC91-AF18-4500-BEFE-87CEF4888592}
		{513E8468-1337-488D-98A6-F4A5B9A7C149} = {ADEFAC91-AF18-4500-BEFE-87CEF4888592}
		{8FC6BA21-64EB-4B1A-910F-2A4D73ECD553} = {ADEFAC91-AF18-4500-BEFE-87CEF4888592}
		{259EF83A-C7F8-4D20-8FD2-4970496F39A2} = {ADEFAC91-AF18-4500-BEFE-87CEF4888592}
		{8EE4CD98-F5A4-47F1-A640-FF8A6559EB8D} = {ADEFAC91-AF18-4500-BEFE-87CEF4888592}
		{1ADC2E82-1FCA-41F1-8F59-57DD0A929522} = {ADEFAC91-AF18-4500-BEFE-87CEF4888592}
		{4ED5C71B-4E95-4D2B-B8B6-4CF052850A91} = {ADEFAC91-AF18-4500-BEFE-87CEF4888592}
		{ABF08AE2-A689-449D-8321-188D59DDB9F1} = {ADEFAC91-AF18-4500-BEFE-87CEF4888592}
		{F692C0B9-DFA5-4B70-B6FD-E5CC71A67EF0} = {ADEFAC91-AF18-4500-BEFE-87CEF4888592}
		{B89A5213-30BE-45E3-90A9-E244F0CA6698} = {ADEFAC91-AF18-4500-BEFE-87CEF4888592}
		{C72EEDC8-17C9-4F1A-9CF9-114723F5ECFC} = {ADEFAC91-AF18-4500-BEFE-87CEF4888592}
		{7B9BA792-DA42-4943-87EC-F8B292484A25} = {ADEFAC91-AF18-4500-BEFE-87CEF4888592}
		{EDBC1559-8FFA-4DA4-B58E-D8B21DB74BCD} = {ADEFAC91-AF18-4500-BEFE-87CEF4888592}
		{3EAA086D-DA05-4328-8AA0-F1A33AD63F01} = {ADEFAC91-AF18-4500-BEFE-87CEF4888592}
		{8CE82B8E-804F-4F90-B8F5-46FE9478BBC6} = {ADEFAC91-AF18-4500-BEFE-87CEF4888592}
		{6F63158C-6DD4-4C19-9D0E-5F58AE3BC5D4} = {ADEFAC91-AF18-4500-BEFE-87CEF4888592}
		{CF48E9F0-5F01-448C-B74A-0704DE3F27DE} = {ADEFAC91-AF18-4500-BEFE-87CEF4888592}
		{C8BF9BD3-F568-4AFC-AFD7-C72A8937F318} = {ADEFAC91-AF18-4500-BEFE-87CEF4888592}
		{5BA7F81D-9FC8-4FD9-BC48-1A07D8C62107} = {ADEFAC91-AF18-4500-BEFE-87CEF4888592}
		{9E6CDEAB-F760-4FB6-AF97-11AD182420C8} = {ADEFAC91-AF18-4500-BEFE-87CEF4888592}
		{926EC639-F45D-4AA9-81EC-2FE4933D3631} = {ADEFAC91-AF18-4500-BEFE-87CEF4888592}
		{0246A745-CB48-4ACD-AFC5-18E74E66C1BC} = {ADEFAC91-AF18-4500-BEFE-87CEF4888592}
		{0890B932-75A8-4F98-BC9E-8E1610545558} = {ADEFAC91-AF18-4500-BEFE-87CEF4888592}
		{3CD00FCF-3387-4617-92B9-E82126307675} = {ADEFAC91-AF18-4500-BEFE-87CEF4888592}
		{A7997C66-E99F-4763-92DD-674B7C91418A} = {ADEFAC91-AF18-4500-BEFE-87CEF4888592}
	EndGlobalSection
	GlobalSection(ExtensibilityGlobals) = postSolution
		SolutionGuid = {6530A6EA-9F19-472F-9EA4-A5F97A1917B5}
	EndGlobalSection
EndGlobal
